#MicroXplorer Configuration settings - do not modify
Mcu.Family=STM32F4
SH.GPXTI1.0=GPIO_EXTI1
ProjectManager.MainLocation=Core/Src
PD12.GPIO_Label=LD4 [Green Led]
PA6.Mode=Full_Duplex_Master
USART2.IPParameters=VirtualMode
RCC.CortexFreq_Value=72000000
ProjectManager.KeepUserCode=true
Mcu.UserName=STM32F407VGTx
SPI1.VirtualType=VM_MASTER
PD15.GPIO_Speed=GPIO_SPEED_FREQ_LOW
RCC.PLLCLKFreq_Value=72000000
RCC.PLLQCLKFreq_Value=20571428.57142857
ProjectManager.functionlistsort=1-MX_GPIO_Init-GPIO-false-HAL-true,2-SystemClock_Config-RCC-false-HAL-false,3-MX_SPI1_Init-SPI1-false-HAL-true,4-MX_USART2_UART_Init-USART2-false-HAL-true
PC0.GPIOParameters=GPIO_Speed,PinState,GPIO_PuPd,GPIO_Label
PC0.GPIO_Label=OTG_FS_PowerSwitchOn
RCC.RTCFreq_Value=32000
PD4.Locked=true
PinOutPanel.RotationAngle=0
RCC.SYSCLKSource=RCC_SYSCLKSOURCE_PLLCLK
ProjectManager.StackSize=0x400
PD13.Signal=GPIO_Output
Mcu.IP4=USART2
RCC.FCLKCortexFreq_Value=72000000
PD13.Locked=true
NVIC.SVCall_IRQn=true\:0\:0\:false\:false\:true\:true\:false
Mcu.IP2=SPI1
Mcu.IP3=SYS
PD14.GPIO_Speed=GPIO_SPEED_FREQ_LOW
Mcu.IP0=NVIC
Mcu.IP1=RCC
SPI1.CLKPolarity=SPI_POLARITY_HIGH
PD15.GPIOParameters=GPIO_Speed,GPIO_PuPd,GPIO_Label
Mcu.UserConstants=
Mcu.ThirdPartyNb=0
SPI1.Direction=SPI_DIRECTION_2LINES
RCC.HCLKFreq_Value=72000000
Mcu.IPNb=5
RCC.I2SClocksFreq_Value=192000000
ProjectManager.PreviousToolchain=
PD4.Signal=GPIO_Output
RCC.APB2TimFreq_Value=72000000
RCC.VcooutputI2S=192000000
SPI1.CalculateBaudRate=4.5 MBits/s
Mcu.Pin6=PA6
Mcu.Pin7=PA7
Mcu.Pin8=PC4
Mcu.Pin9=PB2
PE1.Signal=GPXTI1
RCC.AHBFreq_Value=72000000
Mcu.Pin0=PE3
Mcu.Pin1=PC0
GPIO.groupedBy=Group By Peripherals
Mcu.Pin2=PA0-WKUP
Mcu.Pin3=PA2
Mcu.Pin4=PA3
PA0-WKUP.GPIOParameters=GPIO_Label
Mcu.Pin5=PA5
ProjectManager.ProjectBuild=false
RCC.HSE_VALUE=8000000
NVIC.UsageFault_IRQn=true\:0\:0\:false\:false\:true\:true\:false
NVIC.DebugMonitor_IRQn=true\:0\:0\:false\:false\:true\:true\:false
PB2.Signal=GPIO_Input
NVIC.SysTick_IRQn=true\:0\:0\:false\:false\:true\:true\:true
ProjectManager.FirmwarePackage=STM32Cube FW_F4 V1.26.0
PC4.GPIO_Speed=GPIO_SPEED_FREQ_HIGH
MxDb.Version=DB.6.0.20
ProjectManager.BackupPrevious=false
RCC.VCOInputFreq_Value=2000000
PC4.GPIO_Label=LIS_SPI
File.Version=6
PE3.GPIOParameters=GPIO_Speed,GPIO_PuPd,GPIO_Label
PD5.GPIO_Mode=GPIO_MODE_INPUT
PE3.Locked=true
PD14.GPIO_PuPd=GPIO_NOPULL
PE1.Locked=true
NVIC.PendSV_IRQn=true\:0\:0\:false\:false\:true\:true\:false
ProjectManager.HalAssertFull=false
PB2.GPIO_PuPd=GPIO_NOPULL
ProjectManager.ProjectName=e08_SPI
RCC.MCO2PinFreq_Value=72000000
PD13.GPIO_Label=LD3 [Orange Led]
Mcu.Package=LQFP100
PA6.Signal=SPI1_MISO
USART2.VirtualMode=VM_ASYNC
PD12.Signal=GPIO_Output
PD5.GPIO_Label=OTG_FS_OverCurrent
PD5.GPIOParameters=GPIO_PuPd,GPIO_Label,GPIO_Mode
ProjectManager.ToolChainLocation=
PD15.GPIO_PuPd=GPIO_NOPULL
PD14.Locked=true
RCC.LSI_VALUE=32000
SH.GPXTI0.0=GPIO_EXTI0
VP_SYS_VS_Systick.Signal=SYS_VS_Systick
RCC.APB2CLKDivider=RCC_HCLK_DIV2
RCC.APB1TimFreq_Value=18000000
NVIC.BusFault_IRQn=true\:0\:0\:false\:false\:true\:true\:false
PC4.Locked=true
PC0.GPIO_PuPd=GPIO_NOPULL
PC4.GPIO_ModeDefaultOutputPP=GPIO_MODE_OUTPUT_PP
SPI1.BaudRatePrescaler=SPI_BAUDRATEPRESCALER_8
PD5.Locked=true
PD15.Signal=GPIO_Output
ProjectManager.CustomerFirmwarePackage=
PC4.GPIOParameters=GPIO_Speed,PinState,GPIO_Label,GPIO_ModeDefaultOutputPP
PC0.PinState=GPIO_PIN_SET
PA3.Signal=USART2_RX
PA5.Mode=Full_Duplex_Master
ProjectManager.ProjectFileName=e08_SPI.ioc
PD12.GPIO_Speed=GPIO_SPEED_FREQ_LOW
PD15.GPIO_Label=LD6 [Blue Led]
PA7.Mode=Full_Duplex_Master
Mcu.PinsNb=18
PC4.PinState=GPIO_PIN_SET
ProjectManager.NoMain=false
SPI1.IPParameters=VirtualType,Mode,Direction,CalculateBaudRate,BaudRatePrescaler,CLKPhase,CLKPolarity
PC4.Signal=GPIO_Output
PD13.GPIOParameters=GPIO_Speed,GPIO_PuPd,GPIO_Label
SH.GPXTI0.ConfNb=1
ProjectManager.DefaultFWLocation=true
PE1.GPIO_PuPd=GPIO_NOPULL
PD5.Signal=GPIO_Input
SPI1.CLKPhase=SPI_PHASE_2EDGE
ProjectManager.DeletePrevious=true
PC0.Signal=GPIO_Output
PE1.GPIO_ModeDefaultEXTI=GPIO_MODE_EVT_RISING
RCC.APB1CLKDivider=RCC_HCLK_DIV8
boardIOC=true
RCC.FamilyName=M
PA0-WKUP.GPIO_Label=B1 [Blue PushButton]
PA0-WKUP.Signal=GPXTI0
PA0-WKUP.Locked=true
PD12.Locked=true
PA3.Mode=Asynchronous
PD4.GPIO_PuPd=GPIO_NOPULL
PC0.GPIO_Speed=GPIO_SPEED_FREQ_LOW
PD12.GPIOParameters=GPIO_Speed,GPIO_PuPd,GPIO_Label
ProjectManager.TargetToolchain=STM32CubeIDE
PB2.GPIOParameters=GPIO_PuPd,GPIO_Label,GPIO_Mode
ProjectManager.RegisterCallBack=
RCC.LSE_VALUE=32768
RCC.VCOI2SOutputFreq_Value=384000000
PA5.Signal=SPI1_SCK
board=STM32F407G-DISC1
PD13.GPIO_Speed=GPIO_SPEED_FREQ_LOW
RCC.VCOOutputFreq_Value=144000000
PE1.GPIO_Label=MEMS_INT2 [LIS302DL_INT2]
ProjectManager.LastFirmware=true
RCC.APB2Freq_Value=36000000
PB2.GPIO_Mode=GPIO_MODE_INPUT
MxCube.Version=6.2.0
SPI1.Mode=SPI_MODE_MASTER
PD4.GPIO_Label=Audio_RST [CS43L22_RESET]
PD4.GPIO_Speed=GPIO_SPEED_FREQ_LOW
PD4.GPIOParameters=GPIO_Speed,GPIO_PuPd,GPIO_Label
VP_SYS_VS_Systick.Mode=SysTick
RCC.EthernetFreq_Value=72000000
PE3.GPIO_PuPd=GPIO_NOPULL
PD13.GPIO_PuPd=GPIO_NOPULL
PD5.GPIO_PuPd=GPIO_NOPULL
NVIC.NonMaskableInt_IRQn=true\:0\:0\:false\:false\:true\:true\:false
PD14.GPIO_Label=LD5 [Red Led]
ProjectManager.FreePins=false
RCC.IPParameters=48MHZClocksFreq_Value,AHBFreq_Value,APB1CLKDivider,APB1Freq_Value,APB1TimFreq_Value,APB2CLKDivider,APB2Freq_Value,APB2TimFreq_Value,CortexFreq_Value,EthernetFreq_Value,FCLKCortexFreq_Value,FamilyName,HCLKFreq_Value,HSE_VALUE,HSI_VALUE,I2SClocksFreq_Value,LSE_VALUE,LSI_VALUE,MCO2PinFreq_Value,PLLCLKFreq_Value,PLLM,PLLN,PLLQ,PLLQCLKFreq_Value,RTCFreq_Value,RTCHSEDivFreq_Value,SYSCLKFreq_VALUE,SYSCLKSource,VCOI2SOutputFreq_Value,VCOInputFreq_Value,VCOOutputFreq_Value,VcooutputI2S
ProjectManager.AskForMigrate=true
Mcu.Name=STM32F407V(E-G)Tx
RCC.RTCHSEDivFreq_Value=4000000
PA2.Signal=USART2_TX
ProjectManager.UnderRoot=true
PB2.Locked=true
PD14.Signal=GPIO_Output
ProjectManager.CoupleFile=true
RCC.48MHZClocksFreq_Value=20571428.57142857
PD14.GPIOParameters=GPIO_Speed,GPIO_PuPd,GPIO_Label
RCC.SYSCLKFreq_VALUE=72000000
NVIC.ForceEnableDMAVector=true
KeepUserPlacement=false
PE3.GPIO_Speed=GPIO_SPEED_FREQ_LOW
NVIC.MemoryManagement_IRQn=true\:0\:0\:false\:false\:true\:true\:false
ProjectManager.CompilerOptimize=6
PD15.Locked=true
PB2.GPIO_Label=BOOT1
ProjectManager.HeapSize=0x200
Mcu.Pin15=PD5
NVIC.HardFault_IRQn=true\:0\:0\:false\:false\:true\:true\:false
Mcu.Pin16=PE1
Mcu.Pin13=PD15
Mcu.Pin14=PD4
ProjectManager.ComputerToolchain=false
Mcu.Pin17=VP_SYS_VS_Systick
RCC.HSI_VALUE=16000000
RCC.PLLQ=7
NVIC.PriorityGroup=NVIC_PRIORITYGROUP_0
Mcu.Pin11=PD13
Mcu.Pin12=PD14
RCC.PLLM=8
RCC.PLLN=72
Mcu.Pin10=PD12
PE3.Signal=GPIO_Output
PA2.Mode=Asynchronous
PE3.GPIO_Label=CS_I2C/SPI [LIS302DL_CS_I2C/SPI]
SH.GPXTI1.ConfNb=1
RCC.APB1Freq_Value=9000000
PC0.Locked=true
ProjectManager.DeviceId=STM32F407VGTx
ProjectManager.LibraryCopy=1
PD12.GPIO_PuPd=GPIO_NOPULL
PE1.GPIOParameters=GPIO_PuPd,GPIO_Label,GPIO_ModeDefaultEXTI
PA7.Signal=SPI1_MOSI
isbadioc=false
