#MicroXplorer Configuration settings - do not modify
Mcu.Family=STM32F4
RCC.PLLSourceVirtual=RCC_PLLSOURCE_HSE
SH.GPXTI1.0=GPIO_EXTI1
ProjectManager.MainLocation=Core/Src
PD12.GPIO_Label=LD4 [Green Led]
ProjectManager.ProjectFileName=e06_Clocks_timers.ioc
PH0-OSC_IN.Signal=RCC_OSC_IN
RCC.CortexFreq_Value=72000000
PD12.GPIO_Speed=GPIO_SPEED_FREQ_LOW
PD15.GPIO_Label=LD6 [Blue Led]
ProjectManager.KeepUserCode=true
Mcu.UserName=STM32F407VGTx
Mcu.PinsNb=15
TIM14.AutoReloadPreload=TIM_AUTORELOAD_PRELOAD_ENABLE
VP_TIM14_VS_ClockSourceINT.Signal=TIM14_VS_ClockSourceINT
ProjectManager.NoMain=false
PD15.GPIO_Speed=GPIO_SPEED_FREQ_LOW
RCC.PLLCLKFreq_Value=72000000
RCC.PLLQCLKFreq_Value=20571428.57142857
ProjectManager.functionlistsort=1-MX_GPIO_Init-GPIO-false-HAL-true,2-SystemClock_Config-RCC-false-HAL-false,3-MX_TIM14_Init-TIM14-false-HAL-true
PC0.GPIOParameters=GPIO_Speed,PinState,GPIO_PuPd,GPIO_Label
PC0.GPIO_Label=OTG_FS_PowerSwitchOn
PD13.GPIOParameters=GPIO_Speed,GPIO_PuPd,GPIO_Label
SH.GPXTI0.ConfNb=1
RCC.RTCFreq_Value=32000
ProjectManager.DefaultFWLocation=true
PE1.GPIO_PuPd=GPIO_NOPULL
PD5.Signal=GPIO_Input
PD4.Locked=true
ProjectManager.DeletePrevious=true
PC0.Signal=GPIO_Output
PE1.GPIO_ModeDefaultEXTI=GPIO_MODE_EVT_RISING
RCC.APB1CLKDivider=RCC_HCLK_DIV2
boardIOC=true
PinOutPanel.RotationAngle=0
RCC.FamilyName=M
RCC.SYSCLKSource=RCC_SYSCLKSOURCE_PLLCLK
ProjectManager.StackSize=0x400
PA0-WKUP.GPIO_Label=B1 [Blue PushButton]
PA0-WKUP.Signal=GPXTI0
PA0-WKUP.Locked=true
PD12.Locked=true
PD13.Signal=GPIO_Output
RCC.FCLKCortexFreq_Value=72000000
PD13.Locked=true
NVIC.SVCall_IRQn=true\:0\:0\:false\:false\:true\:true\:false
Mcu.IP2=SYS
Mcu.IP3=TIM14
PD4.GPIO_PuPd=GPIO_NOPULL
PD14.GPIO_Speed=GPIO_SPEED_FREQ_LOW
Mcu.IP0=NVIC
Mcu.IP1=RCC
PC0.GPIO_Speed=GPIO_SPEED_FREQ_LOW
PD15.GPIOParameters=GPIO_Speed,GPIO_PuPd,GPIO_Label
Mcu.UserConstants=
PD12.GPIOParameters=GPIO_Speed,GPIO_PuPd,GPIO_Label
ProjectManager.TargetToolchain=STM32CubeIDE
Mcu.ThirdPartyNb=0
RCC.HCLKFreq_Value=72000000
Mcu.IPNb=4
RCC.I2SClocksFreq_Value=192000000
ProjectManager.PreviousToolchain=
PD4.Signal=GPIO_Output
RCC.APB2TimFreq_Value=72000000
PB2.GPIOParameters=GPIO_PuPd,GPIO_Label,GPIO_Mode
RCC.VcooutputI2S=192000000
Mcu.Pin6=PD12
Mcu.Pin7=PD13
ProjectManager.RegisterCallBack=
Mcu.Pin8=PD14
Mcu.Pin9=PD15
PE1.Signal=GPXTI1
RCC.LSE_VALUE=32768
RCC.AHBFreq_Value=72000000
PH0-OSC_IN.Mode=HSE-External-Oscillator
Mcu.Pin0=PE3
Mcu.Pin1=PH0-OSC_IN
Mcu.Pin2=PH1-OSC_OUT
Mcu.Pin3=PC0
PA0-WKUP.GPIOParameters=GPIO_Label
Mcu.Pin4=PA0-WKUP
RCC.VCOI2SOutputFreq_Value=384000000
Mcu.Pin5=PB2
ProjectManager.ProjectBuild=false
RCC.HSE_VALUE=8000000
NVIC.UsageFault_IRQn=true\:0\:0\:false\:false\:true\:true\:false
NVIC.DebugMonitor_IRQn=true\:0\:0\:false\:false\:true\:true\:false
NVIC.TIM8_TRG_COM_TIM14_IRQn=true\:0\:0\:false\:false\:true\:true\:true
PB2.Signal=GPIO_Input
board=STM32F407G-DISC1
PD13.GPIO_Speed=GPIO_SPEED_FREQ_LOW
RCC.VCOOutputFreq_Value=144000000
TIM14.Period=4999
PE1.GPIO_Label=MEMS_INT2 [LIS302DL_INT2]
NVIC.SysTick_IRQn=true\:0\:0\:false\:false\:true\:true\:true
ProjectManager.LastFirmware=true
ProjectManager.FirmwarePackage=STM32Cube FW_F4 V1.26.0
MxDb.Version=DB.6.0.20
RCC.APB2Freq_Value=36000000
PB2.GPIO_Mode=GPIO_MODE_INPUT
ProjectManager.BackupPrevious=false
MxCube.Version=6.2.0
RCC.VCOInputFreq_Value=2000000
PD4.GPIO_Label=Audio_RST [CS43L22_RESET]
PD4.GPIO_Speed=GPIO_SPEED_FREQ_LOW
File.Version=6
PD4.GPIOParameters=GPIO_Speed,GPIO_PuPd,GPIO_Label
VP_SYS_VS_Systick.Mode=SysTick
RCC.EthernetFreq_Value=72000000
PE3.GPIOParameters=GPIO_Speed,GPIO_PuPd,GPIO_Label
PE3.GPIO_PuPd=GPIO_NOPULL
PH1-OSC_OUT.Signal=RCC_OSC_OUT
PD5.GPIO_Mode=GPIO_MODE_INPUT
PD13.GPIO_PuPd=GPIO_NOPULL
PE3.Locked=true
PD5.GPIO_PuPd=GPIO_NOPULL
PD14.GPIO_PuPd=GPIO_NOPULL
NVIC.NonMaskableInt_IRQn=true\:0\:0\:false\:false\:true\:true\:true
PD14.GPIO_Label=LD5 [Red Led]
PE1.Locked=true
NVIC.PendSV_IRQn=true\:0\:0\:false\:false\:true\:true\:false
ProjectManager.FreePins=false
RCC.IPParameters=48MHZClocksFreq_Value,AHBFreq_Value,APB1CLKDivider,APB1Freq_Value,APB1TimFreq_Value,APB2CLKDivider,APB2Freq_Value,APB2TimFreq_Value,CortexFreq_Value,EnbaleCSS,EthernetFreq_Value,FCLKCortexFreq_Value,FamilyName,HCLKFreq_Value,HSE_VALUE,HSI_VALUE,I2SClocksFreq_Value,LSE_VALUE,LSI_VALUE,MCO2PinFreq_Value,PLLCLKFreq_Value,PLLM,PLLN,PLLQ,PLLQCLKFreq_Value,PLLSourceVirtual,RTCFreq_Value,RTCHSEDivFreq_Value,SYSCLKFreq_VALUE,SYSCLKSource,VCOI2SOutputFreq_Value,VCOInputFreq_Value,VCOOutputFreq_Value,VcooutputI2S
ProjectManager.AskForMigrate=true
Mcu.Name=STM32F407V(E-G)Tx
ProjectManager.HalAssertFull=false
PB2.GPIO_PuPd=GPIO_NOPULL
RCC.RTCHSEDivFreq_Value=4000000
TIM14.Prescaler=7199
ProjectManager.ProjectName=e06_Clocks_timers
ProjectManager.UnderRoot=true
PB2.Locked=true
PD14.Signal=GPIO_Output
ProjectManager.CoupleFile=true
PH1-OSC_OUT.Mode=HSE-External-Oscillator
RCC.48MHZClocksFreq_Value=20571428.57142857
RCC.MCO2PinFreq_Value=72000000
PD14.GPIOParameters=GPIO_Speed,GPIO_PuPd,GPIO_Label
RCC.SYSCLKFreq_VALUE=72000000
PD13.GPIO_Label=LD3 [Orange Led]
Mcu.Package=LQFP100
NVIC.ForceEnableDMAVector=true
KeepUserPlacement=false
PE3.GPIO_Speed=GPIO_SPEED_FREQ_LOW
RCC.EnbaleCSS=true
PD12.Signal=GPIO_Output
NVIC.MemoryManagement_IRQn=true\:0\:0\:false\:false\:true\:true\:false
PD5.GPIO_Label=OTG_FS_OverCurrent
PD5.GPIOParameters=GPIO_PuPd,GPIO_Label,GPIO_Mode
ProjectManager.CompilerOptimize=6
ProjectManager.ToolChainLocation=
PD14.Locked=true
PD15.GPIO_PuPd=GPIO_NOPULL
PD15.Locked=true
RCC.LSI_VALUE=32000
SH.GPXTI0.0=GPIO_EXTI0
VP_SYS_VS_Systick.Signal=SYS_VS_Systick
PB2.GPIO_Label=BOOT1
ProjectManager.HeapSize=0x200
NVIC.HardFault_IRQn=true\:0\:0\:false\:false\:true\:true\:false
Mcu.Pin13=VP_SYS_VS_Systick
Mcu.Pin14=VP_TIM14_VS_ClockSourceINT
ProjectManager.ComputerToolchain=false
RCC.HSI_VALUE=16000000
RCC.PLLQ=7
NVIC.PriorityGroup=NVIC_PRIORITYGROUP_0
RCC.APB2CLKDivider=RCC_HCLK_DIV2
Mcu.Pin11=PD5
Mcu.Pin12=PE1
RCC.PLLM=4
RCC.PLLN=72
Mcu.Pin10=PD4
RCC.APB1TimFreq_Value=72000000
PE3.Signal=GPIO_Output
PE3.GPIO_Label=CS_I2C/SPI [LIS302DL_CS_I2C/SPI]
NVIC.BusFault_IRQn=true\:0\:0\:false\:false\:true\:true\:false
VP_TIM14_VS_ClockSourceINT.Mode=Enable_Timer
PC0.GPIO_PuPd=GPIO_NOPULL
TIM14.IPParameters=Prescaler,Period,AutoReloadPreload
SH.GPXTI1.ConfNb=1
RCC.APB1Freq_Value=36000000
PD5.Locked=true
PD15.Signal=GPIO_Output
ProjectManager.CustomerFirmwarePackage=
PC0.Locked=true
PC0.PinState=GPIO_PIN_SET
ProjectManager.DeviceId=STM32F407VGTx
ProjectManager.LibraryCopy=1
PD12.GPIO_PuPd=GPIO_NOPULL
PE1.GPIOParameters=GPIO_PuPd,GPIO_Label,GPIO_ModeDefaultEXTI
isbadioc=false
